
Microsoft Visual Studio Solution File, Format Version 12.00
# Visual Studio Version 16
VisualStudioVersion = 16.0.28803.156
MinimumVisualStudioVersion = 10.0.40219.1
Project("{FAE04EC0-301F-11D3-BF4B-00C04F79EFBC}") = "WCFService.ServerApp", "WCFService.ServerApp\WCFService.ServerApp.csproj", "{90977100-BBAC-4614-9829-948F9F87CB14}"
EndProject
Project("{FAE04EC0-301F-11D3-BF4B-00C04F79EFBC}") = "WCFService.Core", "WCFService.Core\WCFService.Core.csproj", "{882E5B6A-8FF5-4C9F-9010-F2BC65500B31}"
EndProject
Project("{FAE04EC0-301F-11D3-BF4B-00C04F79EFBC}") = "WCFService.Repository", "WCFService.Repository\WCFService.Repository.csproj", "{B70CEEEC-D685-4545-93B8-8E5B55B0C832}"
EndProject
Project("{FAE04EC0-301F-11D3-BF4B-00C04F79EFBC}") = "WCFService.Application", "WCFService.Application\WCFService.Application.csproj", "{7A222E32-2184-43E7-ACD2-38CED7008FF6}"
EndProject
Project("{FAE04EC0-301F-11D3-BF4B-00C04F79EFBC}") = "Test.WebApp", "Test.WebApp\Test.WebApp.csproj", "{011A3E49-BF61-4087-A9CC-4CC53F8E909F}"
EndProject
Global
	GlobalSection(SolutionConfigurationPlatforms) = preSolution
		Debug|Any CPU = Debug|Any CPU
		Release|Any CPU = Release|Any CPU
	EndGlobalSection
	GlobalSection(ProjectConfigurationPlatforms) = postSolution
		{90977100-BBAC-4614-9829-948F9F87CB14}.Debug|Any CPU.ActiveCfg = Debug|Any CPU
		{90977100-BBAC-4614-9829-948F9F87CB14}.Debug|Any CPU.Build.0 = Debug|Any CPU
		{90977100-BBAC-4614-9829-948F9F87CB14}.Release|Any CPU.ActiveCfg = Release|Any CPU
		{90977100-BBAC-4614-9829-948F9F87CB14}.Release|Any CPU.Build.0 = Release|Any CPU
		{882E5B6A-8FF5-4C9F-9010-F2BC65500B31}.Debug|Any CPU.ActiveCfg = Debug|Any CPU
		{882E5B6A-8FF5-4C9F-9010-F2BC65500B31}.Debug|Any CPU.Build.0 = Debug|Any CPU
		{882E5B6A-8FF5-4C9F-9010-F2BC65500B31}.Release|Any CPU.ActiveCfg = Release|Any CPU
		{882E5B6A-8FF5-4C9F-9010-F2BC65500B31}.Release|Any CPU.Build.0 = Release|Any CPU
		{B70CEEEC-D685-4545-93B8-8E5B55B0C832}.Debug|Any CPU.ActiveCfg = Debug|Any CPU
		{B70CEEEC-D685-4545-93B8-8E5B55B0C832}.Debug|Any CPU.Build.0 = Debug|Any CPU
		{B70CEEEC-D685-4545-93B8-8E5B55B0C832}.Release|Any CPU.ActiveCfg = Release|Any CPU
		{B70CEEEC-D685-4545-93B8-8E5B55B0C832}.Release|Any CPU.Build.0 = Release|Any CPU
		{7A222E32-2184-43E7-ACD2-38CED7008FF6}.Debug|Any CPU.ActiveCfg = Debug|Any CPU
		{7A222E32-2184-43E7-ACD2-38CED7008FF6}.Debug|Any CPU.Build.0 = Debug|Any CPU
		{7A222E32-2184-43E7-ACD2-38CED7008FF6}.Release|Any CPU.ActiveCfg = Release|Any CPU
		{7A222E32-2184-43E7-ACD2-38CED7008FF6}.Release|Any CPU.Build.0 = Release|Any CPU
		{011A3E49-BF61-4087-A9CC-4CC53F8E909F}.Debug|Any CPU.ActiveCfg = Debug|Any CPU
		{011A3E49-BF61-4087-A9CC-4CC53F8E909F}.Debug|Any CPU.Build.0 = Debug|Any CPU
		{011A3E49-BF61-4087-A9CC-4CC53F8E909F}.Release|Any CPU.ActiveCfg = Release|Any CPU
		{011A3E49-BF61-4087-A9CC-4CC53F8E909F}.Release|Any CPU.Build.0 = Release|Any CPU
	EndGlobalSection
	GlobalSection(SolutionProperties) = preSolution
		HideSolutionNode = FALSE
	EndGlobalSection
	GlobalSection(ExtensibilityGlobals) = postSolution
		SolutionGuid = {CD9F6EF3-4CD5-40DF-8B6A-088D97A1F64F}
	EndGlobalSection
EndGlobal
